<?xml version="1.0" encoding="utf-8"?>
<Project ToolsVersion="4.0" xmlns="http://schemas.microsoft.com/developer/msbuild/2003">
  <ItemGroup>
    <Filter Include="Source Files">
      <UniqueIdentifier>{4FC737F1-C7A5-4376-A066-2A32D752A2FF}</UniqueIdentifier>
      <Extensions>cpp;c;cc;cxx;c++;cppm;ixx;def;odl;idl;hpj;bat;asm;asmx</Extensions>
    </Filter>
    <Filter Include="Header Files">
      <UniqueIdentifier>{93995380-89BD-4b04-88EB-625FBE52EBFB}</UniqueIdentifier>
      <Extensions>h;hh;hpp;hxx;h++;hm;inl;inc;ipp;xsd</Extensions>
    </Filter>
    <Filter Include="Resource Files">
      <UniqueIdentifier>{67DA6AB6-F800-4c08-8B7A-83BB121AAD01}</UniqueIdentifier>
      <Extensions>rc;ico;cur;bmp;dlg;rc2;rct;bin;rgs;gif;jpg;jpeg;jpe;resx;tiff;tif;png;wav;mfcribbon-ms</Extensions>
    </Filter>
  </ItemGroup>
  <ItemGroup>
    <ClCompile Include="main.cpp">
      <Filter>Source Files</Filter>
    </ClCompile>
    <ClCompile Include="Structures\String.cpp">
      <Filter>Source Files</Filter>
    </ClCompile>
    <ClCompile Include="Structures\Vector2D.cpp">
      <Filter>Source Files</Filter>
    </ClCompile>
    <ClCompile Include="Engine.cpp">
      <Filter>Source Files</Filter>
    </ClCompile>
    <ClCompile Include="Views\ViewImpl\BattleView.cpp">
      <Filter>Source Files</Filter>
    </ClCompile>
    <ClCompile Include="Views\ViewImpl\ConsoleViewer.cpp">
      <Filter>Source Files</Filter>
    </ClCompile>
    <ClCompile Include="Views\ViewImpl\GameView.cpp">
      <Filter>Source Files</Filter>
    </ClCompile>
    <ClCompile Include="Models\ECS\ECS.cpp">
      <Filter>Source Files</Filter>
    </ClCompile>
    <ClCompile Include="Models\Items\ItemsImpl\Item.cpp">
      <Filter>Source Files</Filter>
    </ClCompile>
    <ClCompile Include="Models\Items\ItemsImpl\Armor.cpp">
      <Filter>Source Files</Filter>
    </ClCompile>
    <ClCompile Include="Models\Items\ItemsImpl\Weapon.cpp">
      <Filter>Source Files</Filter>
    </ClCompile>
    <ClCompile Include="Models\Items\ItemsImpl\Spell.cpp">
      <Filter>Source Files</Filter>
    </ClCompile>
    <ClCompile Include="Models\ECS\ECSImpl\CombatComponent.cpp">
      <Filter>Source Files</Filter>
    </ClCompile>
    <ClCompile Include="Models\ECS\ECSImpl\TileComponent.cpp">
      <Filter>Source Files</Filter>
    </ClCompile>
    <ClCompile Include="Models\ECS\ECSImpl\TransformComponent.cpp">
      <Filter>Source Files</Filter>
    </ClCompile>
    <ClCompile Include="Models\ECS\ECSImpl\SpriteComponent.cpp">
      <Filter>Source Files</Filter>
    </ClCompile>
    <ClCompile Include="Models\ECS\ECSImpl\KeyboardComponent.cpp">
      <Filter>Source Files</Filter>
    </ClCompile>
    <ClCompile Include="Models\ECS\ECSImpl\InventoryComponent.cpp">
      <Filter>Source Files</Filter>
    </ClCompile>
    <ClCompile Include="Models\ECS\ECSImpl\MonsterAIComponent.cpp">
      <Filter>Source Files</Filter>
    </ClCompile>
    <ClCompile Include="Models\ECS\ECSImpl\StatsComponent.cpp">
      <Filter>Source Files</Filter>
    </ClCompile>
    <ClCompile Include="Models\ECS\ECSImpl\PlayerComponent.cpp">
      <Filter>Source Files</Filter>
    </ClCompile>
    <ClCompile Include="Models\ECS\ECSImpl\SaveInFileComponent.cpp">
      <Filter>Source Files</Filter>
    </ClCompile>
    <ClCompile Include="Models\ECS\ECSImpl\TreasureComponent.cpp">
      <Filter>Source Files</Filter>
    </ClCompile>
    <ClCompile Include="Service\ServiceImpl\BattleSystem.cpp">
      <Filter>Source Files</Filter>
    </ClCompile>
    <ClCompile Include="Controllers\ControllerImpl\CreatePlayerController.cpp">
      <Filter>Source Files</Filter>
    </ClCompile>
    <ClCompile Include="Controllers\ControllerImpl\GameController.cpp">
      <Filter>Source Files</Filter>
    </ClCompile>
    <ClCompile Include="Service\ServiceImpl\FindTreasureSystem.cpp">
      <Filter>Source Files</Filter>
    </ClCompile>
    <ClCompile Include="Service\ServiceImpl\FileManager.cpp">
      <Filter>Source Files</Filter>
    </ClCompile>
    <ClCompile Include="Service\ServiceImpl\Game.cpp">
      <Filter>Source Files</Filter>
    </ClCompile>
    <ClCompile Include="Service\ServiceImpl\Map.cpp">
      <Filter>Source Files</Filter>
    </ClCompile>
    <ClCompile Include="Service\ServiceImpl\TextureManager.cpp">
      <Filter>Source Files</Filter>
    </ClCompile>
    <ClCompile Include="Service\ServiceImpl\RandomValues.cpp">
      <Filter>Source Files</Filter>
    </ClCompile>
    <ClCompile Include="Service\ServiceImpl\GetDistance.cpp">
      <Filter>Source Files</Filter>
    </ClCompile>
    <ClCompile Include="Service\ServiceImpl\Menu.cpp">
      <Filter>Source Files</Filter>
    </ClCompile>
    <ClCompile Include="Service\ServiceImpl\NextLevelSystem.cpp">
      <Filter>Source Files</Filter>
    </ClCompile>
  </ItemGroup>
  <ItemGroup>
    <ClInclude Include="Structures\String.h">
      <Filter>Header Files</Filter>
    </ClInclude>
    <ClInclude Include="Structures\Vector.h">
      <Filter>Header Files</Filter>
    </ClInclude>
    <ClInclude Include="Structures\Collection.h">
      <Filter>Header Files</Filter>
    </ClInclude>
    <ClInclude Include="Structures\Vector2D.h">
      <Filter>Header Files</Filter>
    </ClInclude>
    <ClInclude Include="Structures\Optional.h">
      <Filter>Header Files</Filter>
    </ClInclude>
    <ClInclude Include="Engine.h">
      <Filter>Header Files</Filter>
    </ClInclude>
    <ClInclude Include="Controllers\CreatePlayerController.h">
      <Filter>Header Files</Filter>
    </ClInclude>
    <ClInclude Include="Controllers\GameController.h">
      <Filter>Header Files</Filter>
    </ClInclude>
    <ClInclude Include="Views\BattleView.h">
      <Filter>Header Files</Filter>
    </ClInclude>
    <ClInclude Include="Views\ConsoleViewer.h">
      <Filter>Header Files</Filter>
    </ClInclude>
    <ClInclude Include="Views\GameView.h">
      <Filter>Header Files</Filter>
    </ClInclude>
    <ClInclude Include="Service\BattleSystem.h">
      <Filter>Header Files</Filter>
    </ClInclude>
    <ClInclude Include="Service\FindTreasureSystem.h">
      <Filter>Header Files</Filter>
    </ClInclude>
    <ClInclude Include="Service\Game.h">
      <Filter>Header Files</Filter>
    </ClInclude>
    <ClInclude Include="Service\GetDistance.h">
      <Filter>Header Files</Filter>
    </ClInclude>
    <ClInclude Include="Service\Map.h">
      <Filter>Header Files</Filter>
    </ClInclude>
    <ClInclude Include="Service\Menu.h">
      <Filter>Header Files</Filter>
    </ClInclude>
    <ClInclude Include="Service\NextLevelSystem.h">
      <Filter>Header Files</Filter>
    </ClInclude>
    <ClInclude Include="Service\TextureManager.h">
      <Filter>Header Files</Filter>
    </ClInclude>
    <ClInclude Include="Models\ECS\CombatComponent.h">
      <Filter>Header Files</Filter>
    </ClInclude>
    <ClInclude Include="Models\ECS\Components.h">
      <Filter>Header Files</Filter>
    </ClInclude>
    <ClInclude Include="Models\ECS\ECS.h">
      <Filter>Header Files</Filter>
    </ClInclude>
    <ClInclude Include="Models\ECS\InventoryComponent.h">
      <Filter>Header Files</Filter>
    </ClInclude>
    <ClInclude Include="Models\ECS\KeyboardComponent.h">
      <Filter>Header Files</Filter>
    </ClInclude>
    <ClInclude Include="Models\ECS\LightComponent.h">
      <Filter>Header Files</Filter>
    </ClInclude>
    <ClInclude Include="Models\ECS\MonsterAIComponent.h">
      <Filter>Header Files</Filter>
    </ClInclude>
    <ClInclude Include="Models\ECS\PlayerComponent.h">
      <Filter>Header Files</Filter>
    </ClInclude>
    <ClInclude Include="Models\ECS\SpriteComponent.h">
      <Filter>Header Files</Filter>
    </ClInclude>
    <ClInclude Include="Models\ECS\StatsComponent.h">
      <Filter>Header Files</Filter>
    </ClInclude>
    <ClInclude Include="Models\ECS\TileComponent.h">
      <Filter>Header Files</Filter>
    </ClInclude>
    <ClInclude Include="Models\ECS\TransformComponent.h">
      <Filter>Header Files</Filter>
    </ClInclude>
    <ClInclude Include="Models\ECS\TreasureComponent.h">
      <Filter>Header Files</Filter>
    </ClInclude>
    <ClInclude Include="Models\ECS\Vector2D.h">
      <Filter>Header Files</Filter>
    </ClInclude>
    <ClInclude Include="Models\EngineStages.h">
      <Filter>Header Files</Filter>
    </ClInclude>
    <ClInclude Include="Models\GameStages.h">
      <Filter>Header Files</Filter>
    </ClInclude>
    <ClInclude Include="Models\Items\Armor.h">
      <Filter>Header Files</Filter>
    </ClInclude>
    <ClInclude Include="Models\Items\Item.h">
      <Filter>Header Files</Filter>
    </ClInclude>
    <ClInclude Include="Models\Items\ItemsList.h">
      <Filter>Header Files</Filter>
    </ClInclude>
    <ClInclude Include="Models\Items\Spell.h">
      <Filter>Header Files</Filter>
    </ClInclude>
    <ClInclude Include="Models\Items\Weapon.h">
      <Filter>Header Files</Filter>
    </ClInclude>
    <ClInclude Include="Service\RandomValues.h">
      <Filter>Header Files</Filter>
    </ClInclude>
    <ClInclude Include="Models\ECS\SaveInFileComponent.h">
      <Filter>Header Files</Filter>
    </ClInclude>
    <ClInclude Include="Service\FileManager.h">
      <Filter>Header Files</Filter>
    </ClInclude>
  </ItemGroup>
</Project>